{
  "nodes": {
    "home_manager": {
      "inputs": {
        "nixpkgs": [
          "nixpkgs_stable"
        ],
        "utils": "utils"
      },
      "locked": {
        "lastModified": 1680555990,
        "narHash": "sha256-Tu/i5sd0hk4c4VtWO8XpY3c9KmHDcOWF5Y2GSCh3LXA=",
        "owner": "nix-community",
        "repo": "home-manager",
        "rev": "d6f3ba090ed090ae664ab5bac329654093aae725",
        "type": "github"
      },
      "original": {
        "owner": "nix-community",
        "ref": "release-22.11",
        "repo": "home-manager",
        "type": "github"
      }
    },
    "nixpkgs_stable": {
      "locked": {
        "lastModified": 1680865339,
        "narHash": "sha256-H6rmJ1CyJ3Q5ZyoLMYq/UEYMS9Q1orJjRpWiQ47HudE=",
        "owner": "NixOS",
        "repo": "nixpkgs",
        "rev": "0040164e473509b4aee6aedb3b923e400d6df10b",
        "type": "github"
      },
      "original": {
        "owner": "NixOS",
        "ref": "nixos-22.11",
        "repo": "nixpkgs",
        "type": "github"
      }
    },
    "nixpkgs_unstable": {
      "locked": {
        "lastModified": 1680758185,
        "narHash": "sha256-sCVWwfnk7zEX8Z+OItiH+pcSklrlsLZ4TJTtnxAYREw=",
        "owner": "NixOS",
        "repo": "nixpkgs",
        "rev": "0e19daa510e47a40e06257e205965f3b96ce0ac9",
        "type": "github"
      },
      "original": {
        "owner": "NixOS",
        "ref": "nixos-unstable",
        "repo": "nixpkgs",
        "type": "github"
      }
    },
    "root": {
      "inputs": {
        "home_manager": "home_manager",
        "nixpkgs_stable": "nixpkgs_stable",
        "nixpkgs_unstable": "nixpkgs_unstable"
      }
    },
    "utils": {
      "locked": {
        "lastModified": 1667395993,
        "narHash": "sha256-nuEHfE/LcWyuSWnS8t12N1wc105Qtau+/OdUAjtQ0rA=",
        "owner": "numtide",
        "repo": "flake-utils",
        "rev": "5aed5285a952e0b949eb3ba02c12fa4fcfef535f",
        "type": "github"
      },
      "original": {
        "owner": "numtide",
        "repo": "flake-utils",
        "type": "github"
      }
    }
  },
  "root": "root",
  "version": 7
}
